
Microsoft Visual Studio Solution File, Format Version 12.00
# Visual Studio 14
VisualStudioVersion = 14.0.23107.0
MinimumVisualStudioVersion = 10.0.40219.1
Project("{FAE04EC0-301F-11D3-BF4B-00C04F79EFBC}") = "MovieMozo", "MovieMozo\MovieMozo.csproj", "{BA0B9379-E455-4F84-8C5C-564FD0FF6556}"
EndProject
Global
	GlobalSection(SolutionConfigurationPlatforms) = preSolution
		Debug|Any CPU = Debug|Any CPU
		Release|Any CPU = Release|Any CPU
	EndGlobalSection
	GlobalSection(ProjectConfigurationPlatforms) = postSolution
		{BA0B9379-E455-4F84-8C5C-564FD0FF6556}.Debug|Any CPU.ActiveCfg = Debug|Any CPU
		{BA0B9379-E455-4F84-8C5C-564FD0FF6556}.Debug|Any CPU.Build.0 = Debug|Any CPU
		{BA0B9379-E455-4F84-8C5C-564FD0FF6556}.Release|Any CPU.ActiveCfg = Release|Any CPU
		{BA0B9379-E455-4F84-8C5C-564FD0FF6556}.Release|Any CPU.Build.0 = Release|Any CPU
	EndGlobalSection
	GlobalSection(SolutionProperties) = preSolution
		HideSolutionNode = FALSE
	EndGlobalSection
EndGlobal
